{
  "name": "textile-designer-ai-claude-plugin",
  "version": "0.1.1",
  "lockfileVersion": 3,
  "requires": true,
  "packages": {
    "": {
      "name": "textile-designer-ai-claude-plugin",
      "version": "0.1.1",
      "license": "MIT",
      "dependencies": {
        "@textile-designer-ai/mcp": "0.1.1"
      }
    },
    "node_modules/@textile-designer-ai/mcp": {
      "version": "0.1.1",
      "resolved": "https://registry.npmjs.org/@textile-designer-ai/mcp/-/mcp-0.1.1.tgz",
      "integrity": "sha512-UNvKA8VCHXNvUk5UY66SuSM8xgxCEwfHjBoVf7wuwAjAi+JtSRGQmdsGYwi30Jb9fUo8x+zz/KqI0BSy4fpiNQ==",
      "license": "MIT",
      "bin": {
        "textile-designer-mcp": "dist/index.js"
      },
      "engines": {
        "node": ">=18"
      }
    }
  }
}
